// !$*UTF8*$!
{
	archiveVersion = 1;
	classes = {
	};
	objectVersion = 46;
	objects = {

/* Begin PBXBuildFile section */
		F5DDBB2E1ABBC9710071717B /* main.m in Sources */ = {isa = PBXBuildFile; fileRef = F5DDBB2D1ABBC9710071717B /* main.m */; };
		F5DDBB311ABBC9710071717B /* AppDelegate.m in Sources */ = {isa = PBXBuildFile; fileRef = F5DDBB301ABBC9710071717B /* AppDelegate.m */; };
		F5DDBB341ABBC9710071717B /* ViewController.m in Sources */ = {isa = PBXBuildFile; fileRef = F5DDBB331ABBC9710071717B /* ViewController.m */; };
		F5DDBB371ABBC9710071717B /* Main.storyboard in Resources */ = {isa = PBXBuildFile; fileRef = F5DDBB351ABBC9710071717B /* Main.storyboard */; };
		F5DDBB391ABBC9710071717B /* Images.xcassets in Resources */ = {isa = PBXBuildFile; fileRef = F5DDBB381ABBC9710071717B /* Images.xcassets */; };
		F5DDBB3C1ABBC9710071717B /* LaunchScreen.xib in Resources */ = {isa = PBXBuildFile; fileRef = F5DDBB3A1ABBC9710071717B /* LaunchScreen.xib */; };
		F5DDBB481ABBC9710071717B /* TestTests.m in Sources */ = {isa = PBXBuildFile; fileRef = F5DDBB471ABBC9710071717B /* TestTests.m */; };
/* End PBXBuildFile section */

/* Begin PBXContainerItemProxy section */
		F5DDBB421ABBC9710071717B /* PBXContainerItemProxy */ = {
			isa = PBXContainerItemProxy;
			containerPortal = F5DDBB201ABBC9710071717B /* Project object */;
			proxyType = 1;
			remoteGlobalIDString = F5DDBB271ABBC9710071717B;
			remoteInfo = Test;
		};
/* End PBXContainerItemProxy section */

/* Begin PBXFileReference section */
		F5DDBB281ABBC9710071717B /* Test.app */ = {isa = PBXFileReference; explicitFileType = wrapper.application; includeInIndex = 0; path = Test.app; sourceTree = BUILT_PRODUCTS_DIR; };
		F5DDBB2C1ABBC9710071717B /* Info.plist */ = {isa = PBXFileReference; lastKnownFileType = text.plist.xml; path = Info.plist; sourceTree = "<group>"; };
		F5DDBB2D1ABBC9710071717B /* main.m */ = {isa = PBXFileReference; lastKnownFileType = sourcecode.c.objc; path = main.m; sourceTree = "<group>"; };
		F5DDBB2F1ABBC9710071717B /* AppDelegate.h */ = {isa = PBXFileReference; lastKnownFileType = sourcecode.c.h; path = AppDelegate.h; sourceTree = "<group>"; };
		F5DDBB301ABBC9710071717B /* AppDelegate.m */ = {isa = PBXFileReference; lastKnownFileType = sourcecode.c.objc; path = AppDelegate.m; sourceTree = "<group>"; };
		F5DDBB321ABBC9710071717B /* ViewController.h */ = {isa = PBXFileReference; lastKnownFileType = sourcecode.c.h; path = ViewController.h; sourceTree = "<group>"; };
		F5DDBB331ABBC9710071717B /* ViewController.m */ = {isa = PBXFileReference; lastKnownFileType = sourcecode.c.objc; path = ViewController.m; sourceTree = "<group>"; };
		F5DDBB361ABBC9710071717B /* Base */ = {isa = PBXFileReference; lastKnownFileType = file.storyboard; name = Base; path = Base.lproj/Main.storyboard; sourceTree = "<group>"; };
		F5DDBB381ABBC9710071717B /* Images.xcassets */ = {isa = PBXFileReference; lastKnownFileType = folder.assetcatalog; path = Images.xcassets; sourceTree = "<group>"; };
		F5DDBB3B1ABBC9710071717B /* Base */ = {isa = PBXFileReference; lastKnownFileType = file.xib; name = Base; path = Base.lproj/LaunchScreen.xib; sourceTree = "<group>"; };
		F5DDBB411ABBC9710071717B /* TestTests.xctest */ = {isa = PBXFileReference; explicitFileType = wrapper.cfbundle; includeInIndex = 0; path = TestTests.xctest; sourceTree = BUILT_PRODUCTS_DIR; };
		F5DDBB461ABBC9710071717B /* Info.plist */ = {isa = PBXFileReference; lastKnownFileType = text.plist.xml; path = Info.plist; sourceTree = "<group>"; };
		F5DDBB471ABBC9710071717B /* TestTests.m */ = {isa = PBXFileReference; lastKnownFileType = sourcecode.c.objc; path = TestTests.m; sourceTree = "<group>"; };
/* End PBXFileReference section */

/* Begin PBXFrameworksBuildPhase section */
		F5DDBB251ABBC9710071717B /* Frameworks */ = {
			isa = PBXFrameworksBuildPhase;
			buildActionMask = 2147483647;
			files = (
			);
			runOnlyForDeploymentPostprocessing = 0;
		};
		F5DDBB3E1ABBC9710071717B /* Frameworks */ = {
			isa = PBXFrameworksBuildPhase;
			buildActionMask = 2147483647;
			files = (
			);
			runOnlyForDeploymentPostprocessing = 0;
		};
/* End PBXFrameworksBuildPhase section */

/* Begin PBXGroup section */
		F5DDBB1F1ABBC9710071717B = {
			isa = PBXGroup;
			children = (
				F5DDBB2A1ABBC9710071717B /* Test */,
				F5DDBB441ABBC9710071717B /* TestTests */,
				F5DDBB291ABBC9710071717B /* Products */,
			);
			sourceTree = "<group>";
		};
		F5DDBB291ABBC9710071717B /* Products */ = {
			isa = PBXGroup;
			children = (
				F5DDBB281ABBC9710071717B /* Test.app */,
				F5DDBB411ABBC9710071717B /* TestTests.xctest */,
			);
			name = Products;
			sourceTree = "<group>";
		};
		F5DDBB2A1ABBC9710071717B /* Test */ = {
			isa = PBXGroup;
			children = (
				F5DDBB2F1ABBC9710071717B /* AppDelegate.h */,
				F5DDBB301ABBC9710071717B /* AppDelegate.m */,
				F5DDBB321ABBC9710071717B /* ViewController.h */,
				F5DDBB331ABBC9710071717B /* ViewController.m */,
				F5DDBB351ABBC9710071717B /* Main.storyboard */,
				F5DDBB381ABBC9710071717B /* Images.xcassets */,
				F5DDBB3A1ABBC9710071717B /* LaunchScreen.xib */,
				F5DDBB2B1ABBC9710071717B /* Supporting Files */,
			);
			path = Test;
			sourceTree = "<group>";
		};
		F5DDBB2B1ABBC9710071717B /* Supporting Files */ = {
			isa = PBXGroup;
			children = (
				F5DDBB2C1ABBC9710071717B /* Info.plist */,
				F5DDBB2D1ABBC9710071717B /* main.m */,
			);
			name = "Supporting Files";
			sourceTree = "<group>";
		};
		F5DDBB441ABBC9710071717B /* TestTests */ = {
			isa = PBXGroup;
			children = (
				F5DDBB471ABBC9710071717B /* TestTests.m */,
				F5DDBB451ABBC9710071717B /* Supporting Files */,
			);
			path = TestTests;
			sourceTree = "<group>";
		};
		F5DDBB451ABBC9710071717B /* Supporting Files */ = {
			isa = PBXGroup;
			children = (
				F5DDBB461ABBC9710071717B /* Info.plist */,
			);
			name = "Supporting Files";
			sourceTree = "<group>";
		};
/* End PBXGroup section */

/* Begin PBXNativeTarget section */
		F5DDBB271ABBC9710071717B /* Test */ = {
			isa = PBXNativeTarget;
			buildConfigurationList = F5DDBB4B1ABBC9710071717B /* Build configuration list for PBXNativeTarget "Test" */;
			buildPhases = (
				F5DDBB241ABBC9710071717B /* Sources */,
				F5DDBB251ABBC9710071717B /* Frameworks */,
				F5DDBB261ABBC9710071717B /* Resources */,
			);
			buildRules = (
			);
			dependencies = (
			);
			name = Test;
			productName = Test;
			productReference = F5DDBB281ABBC9710071717B /* Test.app */;
			productType = "com.apple.product-type.application";
		};
		F5DDBB401ABBC9710071717B /* TestTests */ = {
			isa = PBXNativeTarget;
			buildConfigurationList = F5DDBB4E1ABBC9710071717B /* Build configuration list for PBXNativeTarget "TestTests" */;
			buildPhases = (
				F5DDBB3D1ABBC9710071717B /* Sources */,
				F5DDBB3E1ABBC9710071717B /* Frameworks */,
				F5DDBB3F1ABBC9710071717B /* Resources */,
			);
			buildRules = (
			);
			dependencies = (
				F5DDBB431ABBC9710071717B /* PBXTargetDependency */,
			);
			name = TestTests;
			productName = TestTests;
			productReference = F5DDBB411ABBC9710071717B /* TestTests.xctest */;
			productType = "com.apple.product-type.bundle.unit-test";
		};
/* End PBXNativeTarget section */

/* Begin PBXProject section */
		F5DDBB201ABBC9710071717B /* Project object */ = {
			isa = PBXProject;
			attributes = {
				LastUpgradeCheck = 0610;
				ORGANIZATIONNAME = "Desmond Tsang";
				TargetAttributes = {
					F5DDBB271ABBC9710071717B = {
						CreatedOnToolsVersion = 6.1.1;
					};
					F5DDBB401ABBC9710071717B = {
						CreatedOnToolsVersion = 6.1.1;
						TestTargetID = F5DDBB271ABBC9710071717B;
					};
				};
			};
			buildConfigurationList = F5DDBB231ABBC9710071717B /* Build configuration list for PBXProject "Test" */;
			compatibilityVersion = "Xcode 3.2";
			developmentRegion = English;
			hasScannedForEncodings = 0;
			knownRegions = (
				en,
				Base,
			);
			mainGroup = F5DDBB1F1ABBC9710071717B;
			productRefGroup = F5DDBB291ABBC9710071717B /* Products */;
			projectDirPath = "";
			projectRoot = "";
			targets = (
				F5DDBB271ABBC9710071717B /* Test */,
				F5DDBB401ABBC9710071717B /* TestTests */,
			);
		};
/* End PBXProject section */

/* Begin PBXResourcesBuildPhase section */
		F5DDBB261ABBC9710071717B /* Resources */ = {
			isa = PBXResourcesBuildPhase;
			buildActionMask = 2147483647;
			files = (
				F5DDBB371ABBC9710071717B /* Main.storyboard in Resources */,
				F5DDBB3C1ABBC9710071717B /* LaunchScreen.xib in Resources */,
				F5DDBB391ABBC9710071717B /* Images.xcassets in Resources */,
			);
			runOnlyForDeploymentPostprocessing = 0;
		};
		F5DDBB3F1ABBC9710071717B /* Resources */ = {
			isa = PBXResourcesBuildPhase;
			buildActionMask = 2147483647;
			files = (
			);
			runOnlyForDeploymentPostprocessing = 0;
		};
/* End PBXResourcesBuildPhase section */

/* Begin PBXSourcesBuildPhase section */
		F5DDBB241ABBC9710071717B /* Sources */ = {
			isa = PBXSourcesBuildPhase;
			buildActionMask = 2147483647;
			files = (
				F5DDBB341ABBC9710071717B /* ViewController.m in Sources */,
				F5DDBB311ABBC9710071717B /* AppDelegate.m in Sources */,
				F5DDBB2E1ABBC9710071717B /* main.m in Sources */,
			);
			runOnlyForDeploymentPostprocessing = 0;
		};
		F5DDBB3D1ABBC9710071717B /* Sources */ = {
			isa = PBXSourcesBuildPhase;
			buildActionMask = 2147483647;
			files = (
				F5DDBB481ABBC9710071717B /* TestTests.m in Sources */,
			);
			runOnlyForDeploymentPostprocessing = 0;
		};
/* End PBXSourcesBuildPhase section */

/* Begin PBXTargetDependency section */
		F5DDBB431ABBC9710071717B /* PBXTargetDependency */ = {
			isa = PBXTargetDependency;
			target = F5DDBB271ABBC9710071717B /* Test */;
			targetProxy = F5DDBB421ABBC9710071717B /* PBXContainerItemProxy */;
		};
/* End PBXTargetDependency section */

/* Begin PBXVariantGroup section */
		F5DDBB351ABBC9710071717B /* Main.storyboard */ = {
			isa = PBXVariantGroup;
			children = (
				F5DDBB361ABBC9710071717B /* Base */,
			);
			name = Main.storyboard;
			sourceTree = "<group>";
		};
		F5DDBB3A1ABBC9710071717B /* LaunchScreen.xib */ = {
			isa = PBXVariantGroup;
			children = (
				F5DDBB3B1ABBC9710071717B /* Base */,
			);
			name = LaunchScreen.xib;
			sourceTree = "<group>";
		};
/* End PBXVariantGroup section */

/* Begin XCBuildConfiguration section */
		F5DDBB491ABBC9710071717B /* Debug */ = {
			isa = XCBuildConfiguration;
			buildSettings = {
				ALWAYS_SEARCH_USER_PATHS = NO;
				CLANG_CXX_LANGUAGE_STANDARD = "gnu++0x";
				CLANG_CXX_LIBRARY = "libc++";
				CLANG_ENABLE_MODULES = YES;
				CLANG_ENABLE_OBJC_ARC = YES;
				CLANG_WARN_BOOL_CONVERSION = YES;
				CLANG_WARN_CONSTANT_CONVERSION = YES;
				CLANG_WARN_DIRECT_OBJC_ISA_USAGE = YES_ERROR;
				CLANG_WARN_EMPTY_BODY = YES;
				CLANG_WARN_ENUM_CONVERSION = YES;
				CLANG_WARN_INT_CONVERSION = YES;
				CLANG_WARN_OBJC_ROOT_CLASS = YES_ERROR;
				CLANG_WARN_UNREACHABLE_CODE = YES;
				CLANG_WARN__DUPLICATE_METHOD_MATCH = YES;
				"CODE_SIGN_IDENTITY[sdk=iphoneos*]" = "iPhone Developer";
				COPY_PHASE_STRIP = NO;
				ENABLE_STRICT_OBJC_MSGSEND = YES;
				GCC_C_LANGUAGE_STANDARD = gnu99;
				GCC_DYNAMIC_NO_PIC = NO;
				GCC_OPTIMIZATION_LEVEL = 0;
				GCC_PREPROCESSOR_DEFINITIONS = (
					"DEBUG=1",
					"$(inherited)",
				);
				GCC_SYMBOLS_PRIVATE_EXTERN = NO;
				GCC_WARN_64_TO_32_BIT_CONVERSION = YES;
				GCC_WARN_ABOUT_RETURN_TYPE = YES_ERROR;
				GCC_WARN_UNDECLARED_SELECTOR = YES;
				GCC_WARN_UNINITIALIZED_AUTOS = YES_AGGRESSIVE;
				GCC_WARN_UNUSED_FUNCTION = YES;
				GCC_WARN_UNUSED_VARIABLE = YES;
				IPHONEOS_DEPLOYMENT_TARGET = 8.1;
				MTL_ENABLE_DEBUG_INFO = YES;
				ONLY_ACTIVE_ARCH = YES;
				SDKROOT = iphoneos;
			};
			name = Debug;
		};
		F5DDBB4A1ABBC9710071717B /* Release */ = {
			isa = XCBuildConfiguration;
			buildSettings = {
				ALWAYS_SEARCH_USER_PATHS = NO;
				CLANG_CXX_LANGUAGE_STANDARD = "gnu++0x";
				CLANG_CXX_LIBRARY = "libc++";
				CLANG_ENABLE_MODULES = YES;
				CLANG_ENABLE_OBJC_ARC = YES;
				CLANG_WARN_BOOL_CONVERSION = YES;
				CLANG_WARN_CONSTANT_CONVERSION = YES;
				CLANG_WARN_DIRECT_OBJC_ISA_USAGE = YES_ERROR;
				CLANG_WARN_EMPTY_BODY = YES;
				CLANG_WARN_ENUM_CONVERSION = YES;
				CLANG_WARN_INT_CONVERSION = YES;
				CLANG_WARN_OBJC_ROOT_CLASS = YES_ERROR;
				CLANG_WARN_UNREACHABLE_CODE = YES;
				CLANG_WARN__DUPLICATE_METHOD_MATCH = YES;
				"CODE_SIGN_IDENTITY[sdk=iphoneos*]" = "iPhone Developer";
				COPY_PHASE_STRIP = YES;
				ENABLE_NS_ASSERTIONS = NO;
				ENABLE_STRICT_OBJC_MSGSEND = YES;
				GCC_C_LANGUAGE_STANDARD = gnu99;
				GCC_WARN_64_TO_32_BIT_CONVERSION = YES;
				GCC_WARN_ABOUT_RETURN_TYPE = YES_ERROR;
				GCC_WARN_UNDECLARED_SELECTOR = YES;
				GCC_WARN_UNINITIALIZED_AUTOS = YES_AGGRESSIVE;
				GCC_WARN_UNUSED_FUNCTION = YES;
				GCC_WARN_UNUSED_VARIABLE = YES;
				IPHONEOS_DEPLOYMENT_TARGET = 8.1;
				MTL_ENABLE_DEBUG_INFO = NO;
				SDKROOT = iphoneos;
				VALIDATE_PRODUCT = YES;
			};
			name = Release;
		};
		F5DDBB4C1ABBC9710071717B /* Debug */ = {
			isa = XCBuildConfiguration;
			buildSettings = {
				ASSETCATALOG_COMPILER_APPICON_NAME = AppIcon;
				INFOPLIST_FILE = Test/Info.plist;
				LD_RUNPATH_SEARCH_PATHS = "$(inherited) @executable_path/Frameworks";
				PRODUCT_NAME = "$(TARGET_NAME)";
			};
			name = Debug;
		};
		F5DDBB4D1ABBC9710071717B /* Release */ = {
			isa = XCBuildConfiguration;
			buildSettings = {
				ASSETCATALOG_COMPILER_APPICON_NAME = AppIcon;
				INFOPLIST_FILE = Test/Info.plist;
				LD_RUNPATH_SEARCH_PATHS = "$(inherited) @executable_path/Frameworks";
				PRODUCT_NAME = "$(TARGET_NAME)";
			};
			name = Release;
		};
		F5DDBB4F1ABBC9710071717B /* Debug */ = {
			isa = XCBuildConfiguration;
			buildSettings = {
				BUNDLE_LOADER = "$(TEST_HOST)";
				FRAMEWORK_SEARCH_PATHS = (
					"$(SDKROOT)/Developer/Library/Frameworks",
					"$(inherited)",
				);
				GCC_PREPROCESSOR_DEFINITIONS = (
					"DEBUG=1",
					"$(inherited)",
				);
				INFOPLIST_FILE = TestTests/Info.plist;
				LD_RUNPATH_SEARCH_PATHS = "$(inherited) @executable_path/Frameworks @loader_path/Frameworks";
				PRODUCT_NAME = "$(TARGET_NAME)";
				TEST_HOST = "$(BUILT_PRODUCTS_DIR)/Test.app/Test";
			};
			name = Debug;
		};
		F5DDBB501ABBC9710071717B /* Release */ = {
			isa = XCBuildConfiguration;
			buildSettings = {
				BUNDLE_LOADER = "$(TEST_HOST)";
				FRAMEWORK_SEARCH_PATHS = (
					"$(SDKROOT)/Developer/Library/Frameworks",
					"$(inherited)",
				);
				INFOPLIST_FILE = TestTests/Info.plist;
				LD_RUNPATH_SEARCH_PATHS = "$(inherited) @executable_path/Frameworks @loader_path/Frameworks";
				PRODUCT_NAME = "$(TARGET_NAME)";
				TEST_HOST = "$(BUILT_PRODUCTS_DIR)/Test.app/Test";
			};
			name = Release;
		};
/* End XCBuildConfiguration section */

/* Begin XCConfigurationList section */
		F5DDBB231ABBC9710071717B /* Build configuration list for PBXProject "Test" */ = {
			isa = XCConfigurationList;
			buildConfigurations = (
				F5DDBB491ABBC9710071717B /* Debug */,
				F5DDBB4A1ABBC9710071717B /* Release */,
			);
			defaultConfigurationIsVisible = 0;
			defaultConfigurationName = Release;
		};
		F5DDBB4B1ABBC9710071717B /* Build configuration list for PBXNativeTarget "Test" */ = {
			isa = XCConfigurationList;
			buildConfigurations = (
				F5DDBB4C1ABBC9710071717B /* Debug */,
				F5DDBB4D1ABBC9710071717B /* Release */,
			);
			defaultConfigurationIsVisible = 0;
		};
		F5DDBB4E1ABBC9710071717B /* Build configuration list for PBXNativeTarget "TestTests" */ = {
			isa = XCConfigurationList;
			buildConfigurations = (
				F5DDBB4F1ABBC9710071717B /* Debug */,
				F5DDBB501ABBC9710071717B /* Release */,
			);
			defaultConfigurationIsVisible = 0;
		};
/* End XCConfigurationList section */
	};
	rootObject = F5DDBB201ABBC9710071717B /* Project object */;
}
